
Microsoft Visual Studio Solution File, Format Version 12.00
# Visual Studio Version 17
VisualStudioVersion = 17.9.34622.214
MinimumVisualStudioVersion = 10.0.40219.1
Project("{FAE04EC0-301F-11D3-BF4B-00C04F79EFBC}") = "szamokosztasa", "szamokosztasa\szamokosztasa.csproj", "{DA1529E2-ACAD-4F67-934E-D197F45576B2}"
EndProject
Global
	GlobalSection(SolutionConfigurationPlatforms) = preSolution
		Debug|Any CPU = Debug|Any CPU
		Release|Any CPU = Release|Any CPU
	EndGlobalSection
	GlobalSection(ProjectConfigurationPlatforms) = postSolution
		{DA1529E2-ACAD-4F67-934E-D197F45576B2}.Debug|Any CPU.ActiveCfg = Debug|Any CPU
		{DA1529E2-ACAD-4F67-934E-D197F45576B2}.Debug|Any CPU.Build.0 = Debug|Any CPU
		{DA1529E2-ACAD-4F67-934E-D197F45576B2}.Release|Any CPU.ActiveCfg = Release|Any CPU
		{DA1529E2-ACAD-4F67-934E-D197F45576B2}.Release|Any CPU.Build.0 = Release|Any CPU
	EndGlobalSection
	GlobalSection(SolutionProperties) = preSolution
		HideSolutionNode = FALSE
	EndGlobalSection
	GlobalSection(ExtensibilityGlobals) = postSolution
		SolutionGuid = {22BECDF3-52D3-4EDB-A1A9-C2BC5CCA9685}
	EndGlobalSection
EndGlobal
